<?xml version="1.0" encoding="UTF-8"?>
<Project xmlns="http://schemas.microsoft.com/developer/msbuild/2003" ToolsVersion="4.0">
    <ItemGroup>
        <Filter Include="header">
            <UniqueIdentifier>{057205E2-FC0D-4E33-A5D1-B9DCA466130C}</UniqueIdentifier>
            <Extensions>h;hpp</Extensions>
        </Filter>
        <Filter Include="resource">
            <UniqueIdentifier>{FE3F15AD-BBED-4173-B7D3-BA27554F64A5}</UniqueIdentifier>
            <Extensions>hlsl;jpg;jpeg;png;wav;mp3;ico;dds;rc;obj</Extensions>
        </Filter>
        <Filter Include="source">
            <UniqueIdentifier>{AEB746E2-C4DB-4324-AD6B-94AA3CD3DFC3}</UniqueIdentifier>
            <Extensions>cpp;c</Extensions>
        </Filter>
    </ItemGroup>
    <ItemGroup>
        <ClCompile Include="..\..\..\src\PvZ\main.cpp">
            <Filter>source</Filter>
        </ClCompile>
        <ClCompile Include="..\..\..\src\PvZ\Plant.cpp">
            <Filter>source</Filter>
        </ClCompile>
        <ClCompile Include="..\..\..\src\PvZ\Projectile.cpp">
            <Filter>source</Filter>
        </ClCompile>
        <ClCompile Include="..\..\..\src\PvZ\PvZScene.cpp">
            <Filter>source</Filter>
        </ClCompile>
        <ClCompile Include="..\..\..\src\PvZ\Zombie.cpp">
            <Filter>source</Filter>
        </ClCompile>
        <ClInclude Include="..\..\..\src\PvZ\Plant.h">
            <Filter>header</Filter>
        </ClInclude>
        <ClInclude Include="..\..\..\src\PvZ\Projectile.h">
            <Filter>header</Filter>
        </ClInclude>
        <ClInclude Include="..\..\..\src\PvZ\PvZScene.h">
            <Filter>header</Filter>
        </ClInclude>
        <ClInclude Include="..\..\..\src\PvZ\Zombie.h">
            <Filter>header</Filter>
        </ClInclude>
    </ItemGroup>
</Project>
