
Microsoft Visual Studio Solution File, Format Version 12.00
# Visual Studio Version 16
VisualStudioVersion = 16.0.30319.14
MinimumVisualStudioVersion = 10.0.40219.1
Project("{8BC9CEB8-8B4A-11D0-8D11-00A0C91BC942}") = "LightEngine", "LightEngine\LightEngine.vcxproj", "{AF5D75D2-D2DF-460C-9C71-3D3396FBDBF9}"
	ProjectSection(ProjectDependencies) = postProject
	EndProjectSection
EndProject
Project("{8BC9CEB8-8B4A-11D0-8D11-00A0C91BC942}") = "Sample", "Sample\Sample.vcxproj", "{7E6FC7CD-E3E5-4280-A868-741B9D10CB1F}"
	ProjectSection(ProjectDependencies) = postProject
	EndProjectSection
EndProject
Project("{8BC9CEB8-8B4A-11D0-8D11-00A0C91BC942}") = "PvZ", "PvZ\PvZ.vcxproj", "{F230D10E-FA43-4F9E-B662-657592A1096E}"
	ProjectSection(ProjectDependencies) = postProject
	EndProjectSection
EndProject
Global
	GlobalSection(SolutionConfigurationPlatforms) = preSolution
		Debug|x64 = Debug|x64
		Release|x64 = Release|x64
		Debug|x64 = Debug|x64
		Release|x64 = Release|x64
		Debug|x64 = Debug|x64
		Release|x64 = Release|x64
	EndGlobalSection
	GlobalSection(ProjectConfigurationPlatforms) = postSolution
		{AF5D75D2-D2DF-460C-9C71-3D3396FBDBF9}.Debug|x64.ActiveCfg = Debug|x64
		{AF5D75D2-D2DF-460C-9C71-3D3396FBDBF9}.Debug|x64.Build.0 = Debug|x64
		{AF5D75D2-D2DF-460C-9C71-3D3396FBDBF9}.Release|x64.ActiveCfg = Release|x64
		{AF5D75D2-D2DF-460C-9C71-3D3396FBDBF9}.Release|x64.Build.0 = Release|x64
		{7E6FC7CD-E3E5-4280-A868-741B9D10CB1F}.Debug|x64.ActiveCfg = Debug|x64
		{7E6FC7CD-E3E5-4280-A868-741B9D10CB1F}.Debug|x64.Build.0 = Debug|x64
		{7E6FC7CD-E3E5-4280-A868-741B9D10CB1F}.Release|x64.ActiveCfg = Release|x64
		{7E6FC7CD-E3E5-4280-A868-741B9D10CB1F}.Release|x64.Build.0 = Release|x64
		{F230D10E-FA43-4F9E-B662-657592A1096E}.Debug|x64.ActiveCfg = Debug|x64
		{F230D10E-FA43-4F9E-B662-657592A1096E}.Debug|x64.Build.0 = Debug|x64
		{F230D10E-FA43-4F9E-B662-657592A1096E}.Release|x64.ActiveCfg = Release|x64
		{F230D10E-FA43-4F9E-B662-657592A1096E}.Release|x64.Build.0 = Release|x64
	EndGlobalSection
	GlobalSection(SolutionProperties) = preSolution
		HideSolutionNode = FALSE
	EndGlobalSection
	GlobalSection(NestedProjects) = preSolution
	EndGlobalSection
	GlobalSection(ExtensibilityGlobals) = postSolution
		SolutionGuid = {9F093649-FFDB-42A8-9BFB-48772248EFB8}
	EndGlobalSection
EndGlobal
