
Microsoft Visual Studio Solution File, Format Version 12.00
# Visual Studio Version 16
VisualStudioVersion = 16.0.30319.14
MinimumVisualStudioVersion = 10.0.40219.1
Project("{8BC9CEB8-8B4A-11D0-8D11-00A0C91BC942}") = "LightEngine", "LightEngine\LightEngine.vcxproj", "{5587945D-713F-4AB4-90AE-18E85A0D3C9A}"
	ProjectSection(ProjectDependencies) = postProject
	EndProjectSection
EndProject
Project("{8BC9CEB8-8B4A-11D0-8D11-00A0C91BC942}") = "Sample", "Sample\Sample.vcxproj", "{56C47D8F-19F7-44BC-9D8E-43F916A420F9}"
	ProjectSection(ProjectDependencies) = postProject
	EndProjectSection
EndProject
Project("{8BC9CEB8-8B4A-11D0-8D11-00A0C91BC942}") = "TvZ", "TvZ\TvZ.vcxproj", "{AF80CCD2-F674-42FE-8A47-E1D1D9C53703}"
	ProjectSection(ProjectDependencies) = postProject
	EndProjectSection
EndProject
Global
	GlobalSection(SolutionConfigurationPlatforms) = preSolution
		Debug|x64 = Debug|x64
		Release|x64 = Release|x64
		Debug|x64 = Debug|x64
		Release|x64 = Release|x64
		Debug|x64 = Debug|x64
		Release|x64 = Release|x64
	EndGlobalSection
	GlobalSection(ProjectConfigurationPlatforms) = postSolution
		{5587945D-713F-4AB4-90AE-18E85A0D3C9A}.Debug|x64.ActiveCfg = Debug|x64
		{5587945D-713F-4AB4-90AE-18E85A0D3C9A}.Debug|x64.Build.0 = Debug|x64
		{5587945D-713F-4AB4-90AE-18E85A0D3C9A}.Release|x64.ActiveCfg = Release|x64
		{5587945D-713F-4AB4-90AE-18E85A0D3C9A}.Release|x64.Build.0 = Release|x64
		{56C47D8F-19F7-44BC-9D8E-43F916A420F9}.Debug|x64.ActiveCfg = Debug|x64
		{56C47D8F-19F7-44BC-9D8E-43F916A420F9}.Debug|x64.Build.0 = Debug|x64
		{56C47D8F-19F7-44BC-9D8E-43F916A420F9}.Release|x64.ActiveCfg = Release|x64
		{56C47D8F-19F7-44BC-9D8E-43F916A420F9}.Release|x64.Build.0 = Release|x64
		{AF80CCD2-F674-42FE-8A47-E1D1D9C53703}.Debug|x64.ActiveCfg = Debug|x64
		{AF80CCD2-F674-42FE-8A47-E1D1D9C53703}.Debug|x64.Build.0 = Debug|x64
		{AF80CCD2-F674-42FE-8A47-E1D1D9C53703}.Release|x64.ActiveCfg = Release|x64
		{AF80CCD2-F674-42FE-8A47-E1D1D9C53703}.Release|x64.Build.0 = Release|x64
	EndGlobalSection
	GlobalSection(SolutionProperties) = preSolution
		HideSolutionNode = FALSE
	EndGlobalSection
	GlobalSection(NestedProjects) = preSolution
	EndGlobalSection
	GlobalSection(ExtensibilityGlobals) = postSolution
		SolutionGuid = {A1492102-6215-4824-A181-3F6D4641FA70}
	EndGlobalSection
EndGlobal
