<?xml version="1.0" encoding="UTF-8"?>
<Project xmlns="http://schemas.microsoft.com/developer/msbuild/2003" ToolsVersion="4.0">
    <ItemGroup>
        <Filter Include="header">
            <UniqueIdentifier>{96428C0E-7964-499D-B9D9-C0495656E982}</UniqueIdentifier>
            <Extensions>h;hpp</Extensions>
        </Filter>
        <Filter Include="resource">
            <UniqueIdentifier>{F819D0DA-26D5-4A34-B43F-D045B8350F64}</UniqueIdentifier>
            <Extensions>hlsl;jpg;jpeg;png;wav;mp3;ico;dds;rc;obj</Extensions>
        </Filter>
        <Filter Include="source">
            <UniqueIdentifier>{047F5087-4834-43D3-AC29-FB807242DA52}</UniqueIdentifier>
            <Extensions>cpp;c</Extensions>
        </Filter>
    </ItemGroup>
    <ItemGroup>
        <ClCompile Include="..\..\..\src\TvZ\main.cpp">
            <Filter>source</Filter>
        </ClCompile>
        <ClCompile Include="..\..\..\src\TvZ\Plant.cpp">
            <Filter>source</Filter>
        </ClCompile>
        <ClCompile Include="..\..\..\src\TvZ\Projectile.cpp">
            <Filter>source</Filter>
        </ClCompile>
        <ClCompile Include="..\..\..\src\TvZ\PvZScene.cpp">
            <Filter>source</Filter>
        </ClCompile>
        <ClCompile Include="..\..\..\src\TvZ\Zombie.cpp">
            <Filter>source</Filter>
        </ClCompile>
        <ClInclude Include="..\..\..\src\TvZ\Plant.h">
            <Filter>header</Filter>
        </ClInclude>
        <ClInclude Include="..\..\..\src\TvZ\Projectile.h">
            <Filter>header</Filter>
        </ClInclude>
        <ClInclude Include="..\..\..\src\TvZ\PvZScene.h">
            <Filter>header</Filter>
        </ClInclude>
        <ClInclude Include="..\..\..\src\TvZ\StateMachine.h">
            <Filter>header</Filter>
        </ClInclude>
        <ClInclude Include="..\..\..\src\TvZ\Zombie.h">
            <Filter>header</Filter>
        </ClInclude>
    </ItemGroup>
</Project>
