<?xml version="1.0" encoding="UTF-8"?>
<Project xmlns="http://schemas.microsoft.com/developer/msbuild/2003" ToolsVersion="4.0">
    <ItemGroup>
        <Filter Include="header">
            <UniqueIdentifier>{D461CF6C-3720-4A32-B8FE-68FA224D7E99}</UniqueIdentifier>
            <Extensions>h;hpp</Extensions>
        </Filter>
        <Filter Include="resource">
            <UniqueIdentifier>{C0D957F2-CDFD-4544-97B2-415C4A64D861}</UniqueIdentifier>
            <Extensions>hlsl;jpg;jpeg;png;wav;mp3;ico;dds;rc;obj</Extensions>
        </Filter>
        <Filter Include="source">
            <UniqueIdentifier>{7ACA61BE-3827-4D0F-8F11-65B5CA567912}</UniqueIdentifier>
            <Extensions>cpp;c</Extensions>
        </Filter>
    </ItemGroup>
    <ItemGroup>
        <ClCompile Include="..\..\..\src\LightEngine\Debug.cpp">
            <Filter>source</Filter>
        </ClCompile>
        <ClCompile Include="..\..\..\src\LightEngine\Entity.cpp">
            <Filter>source</Filter>
        </ClCompile>
        <ClCompile Include="..\..\..\src\LightEngine\GameManager.cpp">
            <Filter>source</Filter>
        </ClCompile>
        <ClCompile Include="..\..\..\src\LightEngine\Scene.cpp">
            <Filter>source</Filter>
        </ClCompile>
        <ClCompile Include="..\..\..\src\LightEngine\Utils.cpp">
            <Filter>source</Filter>
        </ClCompile>
        <ClInclude Include="..\..\..\src\LightEngine\Debug.h">
            <Filter>header</Filter>
        </ClInclude>
        <ClInclude Include="..\..\..\src\LightEngine\Entity.h">
            <Filter>header</Filter>
        </ClInclude>
        <ClInclude Include="..\..\..\src\LightEngine\GameManager.h">
            <Filter>header</Filter>
        </ClInclude>
        <ClInclude Include="..\..\..\src\LightEngine\Scene.h">
            <Filter>header</Filter>
        </ClInclude>
        <ClInclude Include="..\..\..\src\LightEngine\Utils.h">
            <Filter>header</Filter>
        </ClInclude>
    </ItemGroup>
</Project>
